<?xml version="1.0" encoding="utf-8"?>
<Project ToolsVersion="4.0" xmlns="http://schemas.microsoft.com/developer/msbuild/2003">
  <ItemGroup>
    <Filter Include="Collision">
      <UniqueIdentifier>{e9453041-06cc-4663-90fd-019701a3ba24}</UniqueIdentifier>
    </Filter>
    <Filter Include="Collision\Management">
      <UniqueIdentifier>{99760fec-6f9f-425a-9d42-d1c081bf01a2}</UniqueIdentifier>
    </Filter>
    <Filter Include="Collision\Maps">
      <UniqueIdentifier>{08ebe17f-e835-45d9-ac63-fc36cbe00de0}</UniqueIdentifier>
    </Filter>
    <Filter Include="Collision\Models">
      <UniqueIdentifier>{1d455987-d165-436d-aba4-04fafa2a0952}</UniqueIdentifier>
    </Filter>
    <Filter Include="Configuration">
      <UniqueIdentifier>{6318e4e9-528e-4d48-af39-4585f4619c82}</UniqueIdentifier>
    </Filter>
    <Filter Include="Cryptography">
      <UniqueIdentifier>{b001a3cc-eb6a-49a7-aa70-30385bcb012e}</UniqueIdentifier>
    </Filter>
    <Filter Include="Cryptography\Authentication">
      <UniqueIdentifier>{e610872f-3983-47b8-a9fd-f83742de2150}</UniqueIdentifier>
    </Filter>
    <Filter Include="Database">
      <UniqueIdentifier>{c6e23f8d-9e77-46a3-b7e1-24feaf9aad1e}</UniqueIdentifier>
    </Filter>
    <Filter Include="Database\Implementation">
      <UniqueIdentifier>{00e0a8eb-c65e-4a65-ad6c-3bceb528adf1}</UniqueIdentifier>
    </Filter>
    <Filter Include="DataStores">
      <UniqueIdentifier>{2ee317e4-bb9a-41f4-b883-f771c52f5498}</UniqueIdentifier>
    </Filter>
    <Filter Include="Debugging">
      <UniqueIdentifier>{92cf7d7d-0a66-4f0c-9a34-f7476481564a}</UniqueIdentifier>
    </Filter>
    <Filter Include="Dynamic">
      <UniqueIdentifier>{30dddf72-6ff5-42ab-aac4-3dbd7915b03a}</UniqueIdentifier>
    </Filter>
    <Filter Include="Dynamic\LinkedReference">
      <UniqueIdentifier>{0f1e235a-2fd4-42e2-bbd4-e0775c38a58b}</UniqueIdentifier>
    </Filter>
    <Filter Include="Logging">
      <UniqueIdentifier>{41da6cd3-1229-4934-979d-999058237c07}</UniqueIdentifier>
    </Filter>
    <Filter Include="Packets">
      <UniqueIdentifier>{9f92b04c-ac75-42d9-8b6d-e07c2cfd7375}</UniqueIdentifier>
    </Filter>
    <Filter Include="Threading">
      <UniqueIdentifier>{20befe48-eec8-4c18-a866-17a0c0664870}</UniqueIdentifier>
    </Filter>
    <Filter Include="Utilities">
      <UniqueIdentifier>{0a60ea90-5d29-4bef-bb9f-2fc3d91f9814}</UniqueIdentifier>
    </Filter>
  </ItemGroup>
  <ItemGroup>
    <ClCompile Include="..\..\src\shared\Collision\BoundingIntervalHierarchy.cpp">
      <Filter>Collision</Filter>
    </ClCompile>
    <ClCompile Include="..\..\src\shared\Collision\Management\VMapFactory.cpp">
      <Filter>Collision\Management</Filter>
    </ClCompile>
    <ClCompile Include="..\..\src\shared\Collision\Management\VMapManager2.cpp">
      <Filter>Collision\Management</Filter>
    </ClCompile>
    <ClCompile Include="..\..\src\shared\Collision\Maps\MapTree.cpp">
      <Filter>Collision\Maps</Filter>
    </ClCompile>
    <ClCompile Include="..\..\src\shared\Collision\Maps\TileAssembler.cpp">
      <Filter>Collision\Maps</Filter>
    </ClCompile>
    <ClCompile Include="..\..\src\shared\Collision\Models\ModelInstance.cpp">
      <Filter>Collision\Models</Filter>
    </ClCompile>
    <ClCompile Include="..\..\src\shared\Collision\Models\WorldModel.cpp">
      <Filter>Collision\Models</Filter>
    </ClCompile>
    <ClCompile Include="..\..\src\shared\Configuration\Config.cpp">
      <Filter>Configuration</Filter>
    </ClCompile>
    <ClCompile Include="..\..\src\shared\Cryptography\ARC4.cpp">
      <Filter>Cryptography</Filter>
    </ClCompile>
    <ClCompile Include="..\..\src\shared\Cryptography\BigNumber.cpp">
      <Filter>Cryptography</Filter>
    </ClCompile>
    <ClCompile Include="..\..\src\shared\Cryptography\HMACSHA1.cpp">
      <Filter>Cryptography</Filter>
    </ClCompile>
    <ClCompile Include="..\..\src\shared\Cryptography\SHA1.cpp">
      <Filter>Cryptography</Filter>
    </ClCompile>
    <ClCompile Include="..\..\src\shared\Cryptography\Authentication\AuthCrypt.cpp">
      <Filter>Cryptography\Authentication</Filter>
    </ClCompile>
    <ClCompile Include="..\..\src\shared\Database\AdhocStatement.cpp">
      <Filter>Database</Filter>
    </ClCompile>
    <ClCompile Include="..\..\src\shared\Database\Field.cpp">
      <Filter>Database</Filter>
    </ClCompile>
    <ClCompile Include="..\..\src\shared\Database\MySQLConnection.cpp">
      <Filter>Database</Filter>
    </ClCompile>
    <ClCompile Include="..\..\src\shared\Database\PreparedStatement.cpp">
      <Filter>Database</Filter>
    </ClCompile>
    <ClCompile Include="..\..\src\shared\Database\QueryHolder.cpp">
      <Filter>Database</Filter>
    </ClCompile>
    <ClCompile Include="..\..\src\shared\Database\QueryResult.cpp">
      <Filter>Database</Filter>
    </ClCompile>
    <ClCompile Include="..\..\src\shared\PCH\sharedPCH.cpp">
      <Filter>Database</Filter>
    </ClCompile>
    <ClCompile Include="..\..\src\shared\Database\SQLStorage.cpp">
      <Filter>Database</Filter>
    </ClCompile>
    <ClCompile Include="..\..\src\shared\Database\Transaction.cpp">
      <Filter>Database</Filter>
    </ClCompile>
    <ClCompile Include="..\..\src\shared\Database\Implementation\CharacterDatabase.cpp">
      <Filter>Database\Implementation</Filter>
    </ClCompile>
    <ClCompile Include="..\..\src\shared\Database\Implementation\LoginDatabase.cpp">
      <Filter>Database\Implementation</Filter>
    </ClCompile>
    <ClCompile Include="..\..\src\shared\Database\Implementation\WorldDatabase.cpp">
      <Filter>Database\Implementation</Filter>
    </ClCompile>
    <ClCompile Include="..\..\src\shared\DataStores\DBCFileLoader.cpp">
      <Filter>DataStores</Filter>
    </ClCompile>
    <ClCompile Include="..\..\src\shared\Debugging\WheatyExceptionReport.cpp">
      <Filter>Debugging</Filter>
    </ClCompile>
    <ClCompile Include="..\..\src\shared\Logging\Log.cpp">
      <Filter>Logging</Filter>
    </ClCompile>
    <ClCompile Include="..\..\src\shared\Threading\DelayExecutor.cpp">
      <Filter>Threading</Filter>
    </ClCompile>
    <ClCompile Include="..\..\src\shared\Threading\Threading.cpp">
      <Filter>Threading</Filter>
    </ClCompile>
    <ClCompile Include="..\..\src\shared\Utilities\EventProcessor.cpp">
      <Filter>Utilities</Filter>
    </ClCompile>
    <ClCompile Include="..\..\src\shared\Utilities\ServiceWin32.cpp">
      <Filter>Utilities</Filter>
    </ClCompile>
    <ClCompile Include="..\..\src\shared\Utilities\Util.cpp">
      <Filter>Utilities</Filter>
    </ClCompile>
    <ClCompile Include="..\..\src\shared\Common.cpp" />
    <ClCompile Include="..\..\src\shared\DataStores\DB2FileLoader.cpp">
      <Filter>DataStores</Filter>
    </ClCompile>
  </ItemGroup>
  <ItemGroup>
    <ClInclude Include="..\..\src\shared\Collision\BoundingIntervalHierarchy.h">
      <Filter>Collision</Filter>
    </ClInclude>
    <ClInclude Include="..\..\src\shared\Collision\VMapDefinitions.h">
      <Filter>Collision</Filter>
    </ClInclude>
    <ClInclude Include="..\..\src\shared\Collision\VMapTools.h">
      <Filter>Collision</Filter>
    </ClInclude>
    <ClInclude Include="..\..\src\shared\Collision\Management\IVMapManager.h">
      <Filter>Collision\Management</Filter>
    </ClInclude>
    <ClInclude Include="..\..\src\shared\Collision\Management\VMapFactory.h">
      <Filter>Collision\Management</Filter>
    </ClInclude>
    <ClInclude Include="..\..\src\shared\Collision\Management\VMapManager2.h">
      <Filter>Collision\Management</Filter>
    </ClInclude>
    <ClInclude Include="..\..\src\shared\Collision\Maps\MapTree.h">
      <Filter>Collision\Maps</Filter>
    </ClInclude>
    <ClInclude Include="..\..\src\shared\Collision\Maps\TileAssembler.h">
      <Filter>Collision\Maps</Filter>
    </ClInclude>
    <ClInclude Include="..\..\src\shared\Collision\Models\ModelInstance.h">
      <Filter>Collision\Models</Filter>
    </ClInclude>
    <ClInclude Include="..\..\src\shared\Collision\Models\WorldModel.h">
      <Filter>Collision\Models</Filter>
    </ClInclude>
    <ClInclude Include="..\..\src\shared\Configuration\Config.h">
      <Filter>Configuration</Filter>
    </ClInclude>
    <ClInclude Include="..\..\src\shared\Cryptography\ARC4.h">
      <Filter>Cryptography</Filter>
    </ClInclude>
    <ClInclude Include="..\..\src\shared\Cryptography\BigNumber.h">
      <Filter>Cryptography</Filter>
    </ClInclude>
    <ClInclude Include="..\..\src\shared\Cryptography\HMACSHA1.h">
      <Filter>Cryptography</Filter>
    </ClInclude>
    <ClInclude Include="..\..\src\shared\Cryptography\SHA1.h">
      <Filter>Cryptography</Filter>
    </ClInclude>
    <ClInclude Include="..\..\src\shared\Cryptography\Authentication\AuthCrypt.h">
      <Filter>Cryptography\Authentication</Filter>
    </ClInclude>
    <ClInclude Include="..\..\src\shared\Database\AdhocStatement.h">
      <Filter>Database</Filter>
    </ClInclude>
    <ClInclude Include="..\..\src\shared\Database\DatabaseEnv.h">
      <Filter>Database</Filter>
    </ClInclude>
    <ClInclude Include="..\..\src\shared\Database\DatabaseWorker.h">
      <Filter>Database</Filter>
    </ClInclude>
    <ClInclude Include="..\..\src\shared\Database\DatabaseWorkerPool.h">
      <Filter>Database</Filter>
    </ClInclude>
    <ClInclude Include="..\..\src\shared\Database\Field.h">
      <Filter>Database</Filter>
    </ClInclude>
    <ClInclude Include="..\..\src\shared\Database\MySQLConnection.h">
      <Filter>Database</Filter>
    </ClInclude>
    <ClInclude Include="..\..\src\shared\Database\MySQLThreading.h">
      <Filter>Database</Filter>
    </ClInclude>
    <ClInclude Include="..\..\src\shared\Database\PreparedStatement.h">
      <Filter>Database</Filter>
    </ClInclude>
    <ClInclude Include="..\..\src\shared\Database\QueryHolder.h">
      <Filter>Database</Filter>
    </ClInclude>
    <ClInclude Include="..\..\src\shared\Database\QueryResult.h">
      <Filter>Database</Filter>
    </ClInclude>
    <ClInclude Include="..\..\src\shared\Database\SQLOperation.h">
      <Filter>Database</Filter>
    </ClInclude>
    <ClInclude Include="..\..\src\shared\Database\SQLStorage.h">
      <Filter>Database</Filter>
    </ClInclude>
    <ClInclude Include="..\..\src\shared\Database\SQLStorageImpl.h">
      <Filter>Database</Filter>
    </ClInclude>
    <ClInclude Include="..\..\src\shared\Database\Transaction.h">
      <Filter>Database</Filter>
    </ClInclude>
    <ClInclude Include="..\..\src\shared\Database\Implementation\CharacterDatabase.h">
      <Filter>Database\Implementation</Filter>
    </ClInclude>
    <ClInclude Include="..\..\src\shared\Database\Implementation\LoginDatabase.h">
      <Filter>Database\Implementation</Filter>
    </ClInclude>
    <ClInclude Include="..\..\src\shared\Database\Implementation\WorldDatabase.h">
      <Filter>Database\Implementation</Filter>
    </ClInclude>
    <ClInclude Include="..\..\src\shared\DataStores\DBCFileLoader.h">
      <Filter>DataStores</Filter>
    </ClInclude>
    <ClInclude Include="..\..\src\shared\DataStores\DBCStore.h">
      <Filter>DataStores</Filter>
    </ClInclude>
    <ClInclude Include="..\..\src\shared\Debugging\Errors.h">
      <Filter>Debugging</Filter>
    </ClInclude>
    <ClInclude Include="..\..\src\shared\Debugging\WheatyExceptionReport.h">
      <Filter>Debugging</Filter>
    </ClInclude>
    <ClInclude Include="..\..\src\shared\Dynamic\FactoryHolder.h">
      <Filter>Dynamic</Filter>
    </ClInclude>
    <ClInclude Include="..\..\src\shared\Dynamic\LinkedList.h">
      <Filter>Dynamic</Filter>
    </ClInclude>
    <ClInclude Include="..\..\src\shared\Dynamic\ObjectRegistry.h">
      <Filter>Dynamic</Filter>
    </ClInclude>
    <ClInclude Include="..\..\src\shared\Dynamic\TypeContainer.h">
      <Filter>Dynamic</Filter>
    </ClInclude>
    <ClInclude Include="..\..\src\shared\Dynamic\TypeContainerFunctions.h">
      <Filter>Dynamic</Filter>
    </ClInclude>
    <ClInclude Include="..\..\src\shared\Dynamic\TypeContainerFunctionsPtr.h">
      <Filter>Dynamic</Filter>
    </ClInclude>
    <ClInclude Include="..\..\src\shared\Dynamic\TypeContainerVisitor.h">
      <Filter>Dynamic</Filter>
    </ClInclude>
    <ClInclude Include="..\..\src\shared\Dynamic\TypeList.h">
      <Filter>Dynamic</Filter>
    </ClInclude>
    <ClInclude Include="..\..\src\shared\Dynamic\UnorderedMap.h">
      <Filter>Dynamic</Filter>
    </ClInclude>
    <ClInclude Include="..\..\src\shared\Dynamic\LinkedReference\Reference.h">
      <Filter>Dynamic\LinkedReference</Filter>
    </ClInclude>
    <ClInclude Include="..\..\src\shared\Dynamic\LinkedReference\RefManager.h">
      <Filter>Dynamic\LinkedReference</Filter>
    </ClInclude>
    <ClInclude Include="..\..\src\shared\Logging\Log.h">
      <Filter>Logging</Filter>
    </ClInclude>
    <ClInclude Include="..\..\src\shared\Packets\ByteBuffer.h">
      <Filter>Packets</Filter>
    </ClInclude>
    <ClInclude Include="..\..\src\shared\Packets\WorldPacket.h">
      <Filter>Packets</Filter>
    </ClInclude>
    <ClInclude Include="..\..\src\shared\Threading\Callback.h">
      <Filter>Threading</Filter>
    </ClInclude>
    <ClInclude Include="..\..\src\shared\Threading\DelayExecutor.h">
      <Filter>Threading</Filter>
    </ClInclude>
    <ClInclude Include="..\..\src\shared\Threading\LockedQueue.h">
      <Filter>Threading</Filter>
    </ClInclude>
    <ClInclude Include="..\..\src\shared\Threading\Threading.h">
      <Filter>Threading</Filter>
    </ClInclude>
    <ClInclude Include="..\..\src\shared\Utilities\ByteConverter.h">
      <Filter>Utilities</Filter>
    </ClInclude>
    <ClInclude Include="..\..\src\shared\Utilities\EventProcessor.h">
      <Filter>Utilities</Filter>
    </ClInclude>
    <ClInclude Include="..\..\src\shared\Utilities\ServiceWin32.h">
      <Filter>Utilities</Filter>
    </ClInclude>
    <ClInclude Include="..\..\src\shared\Utilities\SignalHandler.h">
      <Filter>Utilities</Filter>
    </ClInclude>
    <ClInclude Include="..\..\src\shared\Utilities\Timer.h">
      <Filter>Utilities</Filter>
    </ClInclude>
    <ClInclude Include="..\..\src\shared\Utilities\Util.h">
      <Filter>Utilities</Filter>
    </ClInclude>
    <ClInclude Include="..\..\src\shared\Common.h" />
    <ClInclude Include="..\..\src\shared\CompilerDefs.h" />
    <ClInclude Include="..\..\src\shared\Define.h" />
    <ClInclude Include="..\..\src\shared\SystemConfig.h" />
    <ClInclude Include="..\..\src\shared\DataStores\DB2FileLoader.h">
      <Filter>DataStores</Filter>
    </ClInclude>
    <ClInclude Include="..\..\src\shared\DataStores\DB2Store.h">
      <Filter>DataStores</Filter>
    </ClInclude>
    <ClInclude Include="..\..\src\shared\revision_nr.h" />
  </ItemGroup>
</Project>