<?xml version="1.0" encoding="utf-8"?>
<Project ToolsVersion="4.0" xmlns="http://schemas.microsoft.com/developer/msbuild/2003">
  <ItemGroup>
    <Filter Include="Auth">
      <UniqueIdentifier>{8e38cfb4-ff95-4fc5-9ab2-e676c1544bcf}</UniqueIdentifier>
    </Filter>
    <Filter Include="Realms">
      <UniqueIdentifier>{4598ec89-a9a3-4dcd-ae06-82ad2eb0a75b}</UniqueIdentifier>
    </Filter>
    <Filter Include="Server">
      <UniqueIdentifier>{9b11c6b5-9774-463f-b22e-3ce9148178db}</UniqueIdentifier>
    </Filter>
  </ItemGroup>
  <ItemGroup>
    <ClCompile Include="..\..\src\server\realm\Auth\AuthCodes.cpp">
      <Filter>Auth</Filter>
    </ClCompile>
    <ClCompile Include="..\..\src\server\realm\Realms\RealmList.cpp">
      <Filter>Realms</Filter>
    </ClCompile>
    <ClCompile Include="..\..\src\server\realm\Server\AuthSocket.cpp">
      <Filter>Server</Filter>
    </ClCompile>
    <ClCompile Include="..\..\src\server\realm\Server\RealmSocket.cpp">
      <Filter>Server</Filter>
    </ClCompile>
    <ClCompile Include="..\..\src\server\realm\Main.cpp" />
    <ClCompile Include="..\..\src\server\realm\PCH\realmPCH.cpp" />
  </ItemGroup>
  <ItemGroup>
    <ClInclude Include="..\..\src\server\realm\Auth\AuthCodes.h">
      <Filter>Auth</Filter>
    </ClInclude>
    <ClInclude Include="..\..\src\server\realm\Realms\RealmList.h">
      <Filter>Realms</Filter>
    </ClInclude>
    <ClInclude Include="..\..\src\server\realm\Server\AuthSocket.h">
      <Filter>Server</Filter>
    </ClInclude>
    <ClInclude Include="..\..\src\server\realm\Server\RealmAcceptor.h">
      <Filter>Server</Filter>
    </ClInclude>
    <ClInclude Include="..\..\src\server\realm\Server\RealmSocket.h">
      <Filter>Server</Filter>
    </ClInclude>
  </ItemGroup>
  <ItemGroup>
    <ResourceCompile Include="..\..\src\server\realm\realm.rc" />
  </ItemGroup>
</Project>