<?xml version="1.0" encoding="utf-8"?>
<Project ToolsVersion="4.0" xmlns="http://schemas.microsoft.com/developer/msbuild/2003">
  <ItemGroup>
    <Filter Include="Auth">
      <UniqueIdentifier>{b8df20d5-4a9b-4a20-a5bb-5eea1e4b1696}</UniqueIdentifier>
    </Filter>
    <Filter Include="Realms">
      <UniqueIdentifier>{8c29d1db-12ed-44ba-9f1b-89781510f439}</UniqueIdentifier>
    </Filter>
    <Filter Include="Server">
      <UniqueIdentifier>{24ef5afa-961a-4b57-b475-234293c000f0}</UniqueIdentifier>
    </Filter>
  </ItemGroup>
  <ItemGroup>
    <ClCompile Include="..\..\src\server\realm\Auth\AuthCodes.cpp">
      <Filter>Auth</Filter>
    </ClCompile>
    <ClCompile Include="..\..\src\server\realm\Realms\RealmList.cpp">
      <Filter>Realms</Filter>
    </ClCompile>
    <ClCompile Include="..\..\src\server\realm\Server\AuthSocket.cpp">
      <Filter>Server</Filter>
    </ClCompile>
    <ClCompile Include="..\..\src\server\realm\Server\RealmSocket.cpp">
      <Filter>Server</Filter>
    </ClCompile>
    <ClCompile Include="..\..\src\server\realm\Main.cpp" />
    <ClCompile Include="..\..\src\server\realm\PCH\realmPCH.cpp" />
  </ItemGroup>
  <ItemGroup>
    <ClInclude Include="..\..\src\server\realm\Auth\AuthCodes.h">
      <Filter>Auth</Filter>
    </ClInclude>
    <ClInclude Include="..\..\src\server\realm\Realms\RealmList.h">
      <Filter>Realms</Filter>
    </ClInclude>
    <ClInclude Include="..\..\src\server\realm\Server\AuthSocket.h">
      <Filter>Server</Filter>
    </ClInclude>
    <ClInclude Include="..\..\src\server\realm\Server\RealmAcceptor.h">
      <Filter>Server</Filter>
    </ClInclude>
    <ClInclude Include="..\..\src\server\realm\Server\RealmSocket.h">
      <Filter>Server</Filter>
    </ClInclude>
  </ItemGroup>
  <ItemGroup>
    <ResourceCompile Include="..\..\src\server\realm\realm.rc" />
  </ItemGroup>
</Project>