<?xml version="1.0" encoding="utf-8"?>
<Project ToolsVersion="4.0" xmlns="http://schemas.microsoft.com/developer/msbuild/2003">
  <ItemGroup>
    <Filter Include="CommandLine">
      <UniqueIdentifier>{70115b35-cdcc-49c9-86ec-7ace90b647d0}</UniqueIdentifier>
    </Filter>
    <Filter Include="RA">
      <UniqueIdentifier>{1c148fc5-586f-4330-beba-032522761e97}</UniqueIdentifier>
    </Filter>
    <Filter Include="SCSoap">
      <UniqueIdentifier>{bf92e926-1c5d-456b-a92c-a71108886386}</UniqueIdentifier>
    </Filter>
    <Filter Include="WorldThread">
      <UniqueIdentifier>{82eceda5-452b-4838-b167-19c6b0271047}</UniqueIdentifier>
    </Filter>
  </ItemGroup>
  <ItemGroup>
    <ClCompile Include="..\..\src\server\world\CommandLine\CliRunnable.cpp">
      <Filter>CommandLine</Filter>
    </ClCompile>
    <ClCompile Include="..\..\src\server\world\PCH\worldPCH.cpp">
      <Filter>CommandLine</Filter>
    </ClCompile>
    <ClCompile Include="..\..\src\server\world\RA\RARunnable.cpp">
      <Filter>RA</Filter>
    </ClCompile>
    <ClCompile Include="..\..\src\server\world\RA\RASocket.cpp">
      <Filter>RA</Filter>
    </ClCompile>
    <ClCompile Include="..\..\src\server\world\SCSoap\SCSoap.cpp">
      <Filter>SCSoap</Filter>
    </ClCompile>
    <ClCompile Include="..\..\dep\gsoap\soapC.cpp">
      <Filter>SCSoap</Filter>
    </ClCompile>
    <ClCompile Include="..\..\dep\gsoap\soapServer.cpp">
      <Filter>SCSoap</Filter>
    </ClCompile>
    <ClCompile Include="..\..\dep\gsoap\stdsoap2.cpp">
      <Filter>SCSoap</Filter>
    </ClCompile>
    <ClCompile Include="..\..\src\server\world\WorldThread\WorldRunnable.cpp">
      <Filter>WorldThread</Filter>
    </ClCompile>
    <ClCompile Include="..\..\src\server\world\Main.cpp" />
    <ClCompile Include="..\..\src\server\world\Master.cpp" />
  </ItemGroup>
  <ItemGroup>
    <ClInclude Include="..\..\src\server\world\CommandLine\CliRunnable.h">
      <Filter>CommandLine</Filter>
    </ClInclude>
    <ClInclude Include="..\..\src\server\world\RA\RARunnable.h">
      <Filter>RA</Filter>
    </ClInclude>
    <ClInclude Include="..\..\src\server\world\RA\RASocket.h">
      <Filter>RA</Filter>
    </ClInclude>
    <ClInclude Include="..\..\src\server\world\RA\SocketDefines.h">
      <Filter>RA</Filter>
    </ClInclude>
    <ClInclude Include="..\..\src\server\world\SCSoap\SCSoap.h">
      <Filter>SCSoap</Filter>
    </ClInclude>
    <ClInclude Include="..\..\dep\gsoap\soapH.h">
      <Filter>SCSoap</Filter>
    </ClInclude>
    <ClInclude Include="..\..\dep\gsoap\soapStub.h">
      <Filter>SCSoap</Filter>
    </ClInclude>
    <ClInclude Include="..\..\dep\gsoap\stdsoap2.h">
      <Filter>SCSoap</Filter>
    </ClInclude>
    <ClInclude Include="..\..\src\server\world\WorldThread\WorldRunnable.h">
      <Filter>WorldThread</Filter>
    </ClInclude>
    <ClInclude Include="..\..\src\server\world\Master.h" />
  </ItemGroup>
  <ItemGroup>
    <ResourceCompile Include="..\..\src\server\world\world.rc" />
  </ItemGroup>
</Project>